
Microsoft Visual Studio Solution File, Format Version 12.00
# Visual Studio Version 17
VisualStudioVersion = 17.10.35004.147
MinimumVisualStudioVersion = 10.0.40219.1
Project("{9A19103F-16F7-4668-BE54-9A1E7A4F7556}") = "CronParser", "CronParser\CronParser.csproj", "{BC32FCC1-A7A7-4410-B3AF-4650BF9A132F}"
EndProject
Project("{9A19103F-16F7-4668-BE54-9A1E7A4F7556}") = "CronParser.Tests", "CronParser.Tests\CronParser.Tests.csproj", "{9D143540-9B75-4E19-9BB4-CBCC0CB79971}"
	ProjectSection(ProjectDependencies) = postProject
		{BC32FCC1-A7A7-4410-B3AF-4650BF9A132F} = {BC32FCC1-A7A7-4410-B3AF-4650BF9A132F}
	EndProjectSection
EndProject
Global
	GlobalSection(SolutionConfigurationPlatforms) = preSolution
		Debug|Any CPU = Debug|Any CPU
		Release|Any CPU = Release|Any CPU
	EndGlobalSection
	GlobalSection(ProjectConfigurationPlatforms) = postSolution
		{BC32FCC1-A7A7-4410-B3AF-4650BF9A132F}.Debug|Any CPU.ActiveCfg = Debug|Any CPU
		{BC32FCC1-A7A7-4410-B3AF-4650BF9A132F}.Debug|Any CPU.Build.0 = Debug|Any CPU
		{BC32FCC1-A7A7-4410-B3AF-4650BF9A132F}.Release|Any CPU.ActiveCfg = Release|Any CPU
		{BC32FCC1-A7A7-4410-B3AF-4650BF9A132F}.Release|Any CPU.Build.0 = Release|Any CPU
		{9D143540-9B75-4E19-9BB4-CBCC0CB79971}.Debug|Any CPU.ActiveCfg = Debug|Any CPU
		{9D143540-9B75-4E19-9BB4-CBCC0CB79971}.Debug|Any CPU.Build.0 = Debug|Any CPU
		{9D143540-9B75-4E19-9BB4-CBCC0CB79971}.Release|Any CPU.ActiveCfg = Release|Any CPU
		{9D143540-9B75-4E19-9BB4-CBCC0CB79971}.Release|Any CPU.Build.0 = Release|Any CPU
	EndGlobalSection
	GlobalSection(SolutionProperties) = preSolution
		HideSolutionNode = FALSE
	EndGlobalSection
	GlobalSection(ExtensibilityGlobals) = postSolution
		SolutionGuid = {CFF4005A-2498-4E64-A5FA-4E46D825642E}
	EndGlobalSection
EndGlobal
